// !$*UTF8*$!
{
	archiveVersion = 1;
	classes = {
	};
	objectVersion = 46;
	objects = {

/* Begin PBXBuildFile section */
		3823F7401A1A1CCB00AE53DE /* SampleCell.swift in Sources */ = {isa = PBXBuildFile; fileRef = 3823F73F1A1A1CCB00AE53DE /* SampleCell.swift */; };
		3825B0B11A1A233700DAC1C2 /* Default-568h@2x.png in Resources */ = {isa = PBXBuildFile; fileRef = 3825B0B01A1A233700DAC1C2 /* Default-568h@2x.png */; };
		385FBEAC1A1993CA00F58190 /* AppDelegate.swift in Sources */ = {isa = PBXBuildFile; fileRef = 385FBEAB1A1993CA00F58190 /* AppDelegate.swift */; };
		385FBEAE1A1993CA00F58190 /* ViewController.swift in Sources */ = {isa = PBXBuildFile; fileRef = 385FBEAD1A1993CA00F58190 /* ViewController.swift */; };
		385FBEB11A1993CA00F58190 /* Main.storyboard in Resources */ = {isa = PBXBuildFile; fileRef = 385FBEAF1A1993CA00F58190 /* Main.storyboard */; };
		385FBEB31A1993CA00F58190 /* Images.xcassets in Resources */ = {isa = PBXBuildFile; fileRef = 385FBEB21A1993CA00F58190 /* Images.xcassets */; };
		385FBEB61A1993CA00F58190 /* LaunchScreen.xib in Resources */ = {isa = PBXBuildFile; fileRef = 385FBEB41A1993CA00F58190 /* LaunchScreen.xib */; };
		385FBEC21A1993CA00F58190 /* CoreMotionUITests.swift in Sources */ = {isa = PBXBuildFile; fileRef = 385FBEC11A1993CA00F58190 /* CoreMotionUITests.swift */; };
/* End PBXBuildFile section */

/* Begin PBXContainerItemProxy section */
		385FBEBC1A1993CA00F58190 /* PBXContainerItemProxy */ = {
			isa = PBXContainerItemProxy;
			containerPortal = 385FBE9E1A1993CA00F58190 /* Project object */;
			proxyType = 1;
			remoteGlobalIDString = 385FBEA51A1993CA00F58190;
			remoteInfo = CoreMotionUI;
		};
/* End PBXContainerItemProxy section */

/* Begin PBXFileReference section */
		3823F73F1A1A1CCB00AE53DE /* SampleCell.swift */ = {isa = PBXFileReference; fileEncoding = 4; lastKnownFileType = sourcecode.swift; path = SampleCell.swift; sourceTree = "<group>"; };
		3825B0B01A1A233700DAC1C2 /* Default-568h@2x.png */ = {isa = PBXFileReference; lastKnownFileType = image.png; path = "Default-568h@2x.png"; sourceTree = "<group>"; };
		385FBEA61A1993CA00F58190 /* CoreMotionUI.app */ = {isa = PBXFileReference; explicitFileType = wrapper.application; includeInIndex = 0; path = CoreMotionUI.app; sourceTree = BUILT_PRODUCTS_DIR; };
		385FBEAA1A1993CA00F58190 /* Info.plist */ = {isa = PBXFileReference; lastKnownFileType = text.plist.xml; path = Info.plist; sourceTree = "<group>"; };
		385FBEAB1A1993CA00F58190 /* AppDelegate.swift */ = {isa = PBXFileReference; lastKnownFileType = sourcecode.swift; path = AppDelegate.swift; sourceTree = "<group>"; };
		385FBEAD1A1993CA00F58190 /* ViewController.swift */ = {isa = PBXFileReference; lastKnownFileType = sourcecode.swift; path = ViewController.swift; sourceTree = "<group>"; };
		385FBEB01A1993CA00F58190 /* Base */ = {isa = PBXFileReference; lastKnownFileType = file.storyboard; name = Base; path = Base.lproj/Main.storyboard; sourceTree = "<group>"; };
		385FBEB21A1993CA00F58190 /* Images.xcassets */ = {isa = PBXFileReference; lastKnownFileType = folder.assetcatalog; path = Images.xcassets; sourceTree = "<group>"; };
		385FBEB51A1993CA00F58190 /* Base */ = {isa = PBXFileReference; lastKnownFileType = file.xib; name = Base; path = Base.lproj/LaunchScreen.xib; sourceTree = "<group>"; };
		385FBEBB1A1993CA00F58190 /* CoreMotionUITests.xctest */ = {isa = PBXFileReference; explicitFileType = wrapper.cfbundle; includeInIndex = 0; path = CoreMotionUITests.xctest; sourceTree = BUILT_PRODUCTS_DIR; };
		385FBEC01A1993CA00F58190 /* Info.plist */ = {isa = PBXFileReference; lastKnownFileType = text.plist.xml; path = Info.plist; sourceTree = "<group>"; };
		385FBEC11A1993CA00F58190 /* CoreMotionUITests.swift */ = {isa = PBXFileReference; lastKnownFileType = sourcecode.swift; path = CoreMotionUITests.swift; sourceTree = "<group>"; };
/* End PBXFileReference section */

/* Begin PBXFrameworksBuildPhase section */
		385FBEA31A1993CA00F58190 /* Frameworks */ = {
			isa = PBXFrameworksBuildPhase;
			buildActionMask = 2147483647;
			files = (
			);
			runOnlyForDeploymentPostprocessing = 0;
		};
		385FBEB81A1993CA00F58190 /* Frameworks */ = {
			isa = PBXFrameworksBuildPhase;
			buildActionMask = 2147483647;
			files = (
			);
			runOnlyForDeploymentPostprocessing = 0;
		};
/* End PBXFrameworksBuildPhase section */

/* Begin PBXGroup section */
		385FBE9D1A1993CA00F58190 = {
			isa = PBXGroup;
			children = (
				385FBEA81A1993CA00F58190 /* CoreMotionUI */,
				385FBEBE1A1993CA00F58190 /* CoreMotionUITests */,
				385FBEA71A1993CA00F58190 /* Products */,
			);
			sourceTree = "<group>";
		};
		385FBEA71A1993CA00F58190 /* Products */ = {
			isa = PBXGroup;
			children = (
				385FBEA61A1993CA00F58190 /* CoreMotionUI.app */,
				385FBEBB1A1993CA00F58190 /* CoreMotionUITests.xctest */,
			);
			name = Products;
			sourceTree = "<group>";
		};
		385FBEA81A1993CA00F58190 /* CoreMotionUI */ = {
			isa = PBXGroup;
			children = (
				3825B0B01A1A233700DAC1C2 /* Default-568h@2x.png */,
				385FBEAB1A1993CA00F58190 /* AppDelegate.swift */,
				385FBEAD1A1993CA00F58190 /* ViewController.swift */,
				385FBEAF1A1993CA00F58190 /* Main.storyboard */,
				385FBEB21A1993CA00F58190 /* Images.xcassets */,
				385FBEB41A1993CA00F58190 /* LaunchScreen.xib */,
				385FBEA91A1993CA00F58190 /* Supporting Files */,
				3823F73F1A1A1CCB00AE53DE /* SampleCell.swift */,
			);
			path = CoreMotionUI;
			sourceTree = "<group>";
		};
		385FBEA91A1993CA00F58190 /* Supporting Files */ = {
			isa = PBXGroup;
			children = (
				385FBEAA1A1993CA00F58190 /* Info.plist */,
			);
			name = "Supporting Files";
			sourceTree = "<group>";
		};
		385FBEBE1A1993CA00F58190 /* CoreMotionUITests */ = {
			isa = PBXGroup;
			children = (
				385FBEC11A1993CA00F58190 /* CoreMotionUITests.swift */,
				385FBEBF1A1993CA00F58190 /* Supporting Files */,
			);
			path = CoreMotionUITests;
			sourceTree = "<group>";
		};
		385FBEBF1A1993CA00F58190 /* Supporting Files */ = {
			isa = PBXGroup;
			children = (
				385FBEC01A1993CA00F58190 /* Info.plist */,
			);
			name = "Supporting Files";
			sourceTree = "<group>";
		};
/* End PBXGroup section */

/* Begin PBXNativeTarget section */
		385FBEA51A1993CA00F58190 /* CoreMotionUI */ = {
			isa = PBXNativeTarget;
			buildConfigurationList = 385FBEC51A1993CA00F58190 /* Build configuration list for PBXNativeTarget "CoreMotionUI" */;
			buildPhases = (
				385FBEA21A1993CA00F58190 /* Sources */,
				385FBEA31A1993CA00F58190 /* Frameworks */,
				385FBEA41A1993CA00F58190 /* Resources */,
			);
			buildRules = (
			);
			dependencies = (
			);
			name = CoreMotionUI;
			productName = CoreMotionUI;
			productReference = 385FBEA61A1993CA00F58190 /* CoreMotionUI.app */;
			productType = "com.apple.product-type.application";
		};
		385FBEBA1A1993CA00F58190 /* CoreMotionUITests */ = {
			isa = PBXNativeTarget;
			buildConfigurationList = 385FBEC81A1993CA00F58190 /* Build configuration list for PBXNativeTarget "CoreMotionUITests" */;
			buildPhases = (
				385FBEB71A1993CA00F58190 /* Sources */,
				385FBEB81A1993CA00F58190 /* Frameworks */,
				385FBEB91A1993CA00F58190 /* Resources */,
			);
			buildRules = (
			);
			dependencies = (
				385FBEBD1A1993CA00F58190 /* PBXTargetDependency */,
			);
			name = CoreMotionUITests;
			productName = CoreMotionUITests;
			productReference = 385FBEBB1A1993CA00F58190 /* CoreMotionUITests.xctest */;
			productType = "com.apple.product-type.bundle.unit-test";
		};
/* End PBXNativeTarget section */

/* Begin PBXProject section */
		385FBE9E1A1993CA00F58190 /* Project object */ = {
			isa = PBXProject;
			attributes = {
				LastUpgradeCheck = 0610;
				ORGANIZATIONNAME = "Zhou Hao";
				TargetAttributes = {
					385FBEA51A1993CA00F58190 = {
						CreatedOnToolsVersion = 6.1;
					};
					385FBEBA1A1993CA00F58190 = {
						CreatedOnToolsVersion = 6.1;
						TestTargetID = 385FBEA51A1993CA00F58190;
					};
				};
			};
			buildConfigurationList = 385FBEA11A1993CA00F58190 /* Build configuration list for PBXProject "CoreMotionUI" */;
			compatibilityVersion = "Xcode 3.2";
			developmentRegion = English;
			hasScannedForEncodings = 0;
			knownRegions = (
				en,
				Base,
			);
			mainGroup = 385FBE9D1A1993CA00F58190;
			productRefGroup = 385FBEA71A1993CA00F58190 /* Products */;
			projectDirPath = "";
			projectRoot = "";
			targets = (
				385FBEA51A1993CA00F58190 /* CoreMotionUI */,
				385FBEBA1A1993CA00F58190 /* CoreMotionUITests */,
			);
		};
/* End PBXProject section */

/* Begin PBXResourcesBuildPhase section */
		385FBEA41A1993CA00F58190 /* Resources */ = {
			isa = PBXResourcesBuildPhase;
			buildActionMask = 2147483647;
			files = (
				385FBEB11A1993CA00F58190 /* Main.storyboard in Resources */,
				3825B0B11A1A233700DAC1C2 /* Default-568h@2x.png in Resources */,
				385FBEB61A1993CA00F58190 /* LaunchScreen.xib in Resources */,
				385FBEB31A1993CA00F58190 /* Images.xcassets in Resources */,
			);
			runOnlyForDeploymentPostprocessing = 0;
		};
		385FBEB91A1993CA00F58190 /* Resources */ = {
			isa = PBXResourcesBuildPhase;
			buildActionMask = 2147483647;
			files = (
			);
			runOnlyForDeploymentPostprocessing = 0;
		};
/* End PBXResourcesBuildPhase section */

/* Begin PBXSourcesBuildPhase section */
		385FBEA21A1993CA00F58190 /* Sources */ = {
			isa = PBXSourcesBuildPhase;
			buildActionMask = 2147483647;
			files = (
				385FBEAE1A1993CA00F58190 /* ViewController.swift in Sources */,
				385FBEAC1A1993CA00F58190 /* AppDelegate.swift in Sources */,
				3823F7401A1A1CCB00AE53DE /* SampleCell.swift in Sources */,
			);
			runOnlyForDeploymentPostprocessing = 0;
		};
		385FBEB71A1993CA00F58190 /* Sources */ = {
			isa = PBXSourcesBuildPhase;
			buildActionMask = 2147483647;
			files = (
				385FBEC21A1993CA00F58190 /* CoreMotionUITests.swift in Sources */,
			);
			runOnlyForDeploymentPostprocessing = 0;
		};
/* End PBXSourcesBuildPhase section */

/* Begin PBXTargetDependency section */
		385FBEBD1A1993CA00F58190 /* PBXTargetDependency */ = {
			isa = PBXTargetDependency;
			target = 385FBEA51A1993CA00F58190 /* CoreMotionUI */;
			targetProxy = 385FBEBC1A1993CA00F58190 /* PBXContainerItemProxy */;
		};
/* End PBXTargetDependency section */

/* Begin PBXVariantGroup section */
		385FBEAF1A1993CA00F58190 /* Main.storyboard */ = {
			isa = PBXVariantGroup;
			children = (
				385FBEB01A1993CA00F58190 /* Base */,
			);
			name = Main.storyboard;
			sourceTree = "<group>";
		};
		385FBEB41A1993CA00F58190 /* LaunchScreen.xib */ = {
			isa = PBXVariantGroup;
			children = (
				385FBEB51A1993CA00F58190 /* Base */,
			);
			name = LaunchScreen.xib;
			sourceTree = "<group>";
		};
/* End PBXVariantGroup section */

/* Begin XCBuildConfiguration section */
		385FBEC31A1993CA00F58190 /* Debug */ = {
			isa = XCBuildConfiguration;
			buildSettings = {
				ALWAYS_SEARCH_USER_PATHS = NO;
				CLANG_CXX_LANGUAGE_STANDARD = "gnu++0x";
				CLANG_CXX_LIBRARY = "libc++";
				CLANG_ENABLE_MODULES = YES;
				CLANG_ENABLE_OBJC_ARC = YES;
				CLANG_WARN_BOOL_CONVERSION = YES;
				CLANG_WARN_CONSTANT_CONVERSION = YES;
				CLANG_WARN_DIRECT_OBJC_ISA_USAGE = YES_ERROR;
				CLANG_WARN_EMPTY_BODY = YES;
				CLANG_WARN_ENUM_CONVERSION = YES;
				CLANG_WARN_INT_CONVERSION = YES;
				CLANG_WARN_OBJC_ROOT_CLASS = YES_ERROR;
				CLANG_WARN_UNREACHABLE_CODE = YES;
				CLANG_WARN__DUPLICATE_METHOD_MATCH = YES;
				"CODE_SIGN_IDENTITY[sdk=iphoneos*]" = "iPhone Developer";
				COPY_PHASE_STRIP = NO;
				ENABLE_STRICT_OBJC_MSGSEND = YES;
				GCC_C_LANGUAGE_STANDARD = gnu99;
				GCC_DYNAMIC_NO_PIC = NO;
				GCC_OPTIMIZATION_LEVEL = 0;
				GCC_PREPROCESSOR_DEFINITIONS = (
					"DEBUG=1",
					"$(inherited)",
				);
				GCC_SYMBOLS_PRIVATE_EXTERN = NO;
				GCC_WARN_64_TO_32_BIT_CONVERSION = YES;
				GCC_WARN_ABOUT_RETURN_TYPE = YES_ERROR;
				GCC_WARN_UNDECLARED_SELECTOR = YES;
				GCC_WARN_UNINITIALIZED_AUTOS = YES_AGGRESSIVE;
				GCC_WARN_UNUSED_FUNCTION = YES;
				GCC_WARN_UNUSED_VARIABLE = YES;
				IPHONEOS_DEPLOYMENT_TARGET = 8.1;
				MTL_ENABLE_DEBUG_INFO = YES;
				ONLY_ACTIVE_ARCH = YES;
				SDKROOT = iphoneos;
				SWIFT_OPTIMIZATION_LEVEL = "-Onone";
			};
			name = Debug;
		};
		385FBEC41A1993CA00F58190 /* Release */ = {
			isa = XCBuildConfiguration;
			buildSettings = {
				ALWAYS_SEARCH_USER_PATHS = NO;
				CLANG_CXX_LANGUAGE_STANDARD = "gnu++0x";
				CLANG_CXX_LIBRARY = "libc++";
				CLANG_ENABLE_MODULES = YES;
				CLANG_ENABLE_OBJC_ARC = YES;
				CLANG_WARN_BOOL_CONVERSION = YES;
				CLANG_WARN_CONSTANT_CONVERSION = YES;
				CLANG_WARN_DIRECT_OBJC_ISA_USAGE = YES_ERROR;
				CLANG_WARN_EMPTY_BODY = YES;
				CLANG_WARN_ENUM_CONVERSION = YES;
				CLANG_WARN_INT_CONVERSION = YES;
				CLANG_WARN_OBJC_ROOT_CLASS = YES_ERROR;
				CLANG_WARN_UNREACHABLE_CODE = YES;
				CLANG_WARN__DUPLICATE_METHOD_MATCH = YES;
				"CODE_SIGN_IDENTITY[sdk=iphoneos*]" = "iPhone Developer";
				COPY_PHASE_STRIP = YES;
				ENABLE_NS_ASSERTIONS = NO;
				ENABLE_STRICT_OBJC_MSGSEND = YES;
				GCC_C_LANGUAGE_STANDARD = gnu99;
				GCC_WARN_64_TO_32_BIT_CONVERSION = YES;
				GCC_WARN_ABOUT_RETURN_TYPE = YES_ERROR;
				GCC_WARN_UNDECLARED_SELECTOR = YES;
				GCC_WARN_UNINITIALIZED_AUTOS = YES_AGGRESSIVE;
				GCC_WARN_UNUSED_FUNCTION = YES;
				GCC_WARN_UNUSED_VARIABLE = YES;
				IPHONEOS_DEPLOYMENT_TARGET = 8.1;
				MTL_ENABLE_DEBUG_INFO = NO;
				SDKROOT = iphoneos;
				VALIDATE_PRODUCT = YES;
			};
			name = Release;
		};
		385FBEC61A1993CA00F58190 /* Debug */ = {
			isa = XCBuildConfiguration;
			buildSettings = {
				ASSETCATALOG_COMPILER_APPICON_NAME = AppIcon;
				INFOPLIST_FILE = CoreMotionUI/Info.plist;
				IPHONEOS_DEPLOYMENT_TARGET = 7.1;
				LD_RUNPATH_SEARCH_PATHS = "$(inherited) @executable_path/Frameworks";
				PRODUCT_NAME = "$(TARGET_NAME)";
			};
			name = Debug;
		};
		385FBEC71A1993CA00F58190 /* Release */ = {
			isa = XCBuildConfiguration;
			buildSettings = {
				ASSETCATALOG_COMPILER_APPICON_NAME = AppIcon;
				INFOPLIST_FILE = CoreMotionUI/Info.plist;
				IPHONEOS_DEPLOYMENT_TARGET = 7.1;
				LD_RUNPATH_SEARCH_PATHS = "$(inherited) @executable_path/Frameworks";
				PRODUCT_NAME = "$(TARGET_NAME)";
			};
			name = Release;
		};
		385FBEC91A1993CA00F58190 /* Debug */ = {
			isa = XCBuildConfiguration;
			buildSettings = {
				BUNDLE_LOADER = "$(TEST_HOST)";
				FRAMEWORK_SEARCH_PATHS = (
					"$(SDKROOT)/Developer/Library/Frameworks",
					"$(inherited)",
				);
				GCC_PREPROCESSOR_DEFINITIONS = (
					"DEBUG=1",
					"$(inherited)",
				);
				INFOPLIST_FILE = CoreMotionUITests/Info.plist;
				LD_RUNPATH_SEARCH_PATHS = "$(inherited) @executable_path/Frameworks @loader_path/Frameworks";
				PRODUCT_NAME = "$(TARGET_NAME)";
				TEST_HOST = "$(BUILT_PRODUCTS_DIR)/CoreMotionUI.app/CoreMotionUI";
			};
			name = Debug;
		};
		385FBECA1A1993CA00F58190 /* Release */ = {
			isa = XCBuildConfiguration;
			buildSettings = {
				BUNDLE_LOADER = "$(TEST_HOST)";
				FRAMEWORK_SEARCH_PATHS = (
					"$(SDKROOT)/Developer/Library/Frameworks",
					"$(inherited)",
				);
				INFOPLIST_FILE = CoreMotionUITests/Info.plist;
				LD_RUNPATH_SEARCH_PATHS = "$(inherited) @executable_path/Frameworks @loader_path/Frameworks";
				PRODUCT_NAME = "$(TARGET_NAME)";
				TEST_HOST = "$(BUILT_PRODUCTS_DIR)/CoreMotionUI.app/CoreMotionUI";
			};
			name = Release;
		};
/* End XCBuildConfiguration section */

/* Begin XCConfigurationList section */
		385FBEA11A1993CA00F58190 /* Build configuration list for PBXProject "CoreMotionUI" */ = {
			isa = XCConfigurationList;
			buildConfigurations = (
				385FBEC31A1993CA00F58190 /* Debug */,
				385FBEC41A1993CA00F58190 /* Release */,
			);
			defaultConfigurationIsVisible = 0;
			defaultConfigurationName = Release;
		};
		385FBEC51A1993CA00F58190 /* Build configuration list for PBXNativeTarget "CoreMotionUI" */ = {
			isa = XCConfigurationList;
			buildConfigurations = (
				385FBEC61A1993CA00F58190 /* Debug */,
				385FBEC71A1993CA00F58190 /* Release */,
			);
			defaultConfigurationIsVisible = 0;
			defaultConfigurationName = Release;
		};
		385FBEC81A1993CA00F58190 /* Build configuration list for PBXNativeTarget "CoreMotionUITests" */ = {
			isa = XCConfigurationList;
			buildConfigurations = (
				385FBEC91A1993CA00F58190 /* Debug */,
				385FBECA1A1993CA00F58190 /* Release */,
			);
			defaultConfigurationIsVisible = 0;
			defaultConfigurationName = Release;
		};
/* End XCConfigurationList section */
	};
	rootObject = 385FBE9E1A1993CA00F58190 /* Project object */;
}
